# THIS IS AN AUTOGENERATED FILE. DO NOT EDIT THIS FILE DIRECTLY.
# yarn lockfile v1


react-calendly@^2.2.1:
  version "2.2.1"
  resolved "https://registry.yarnpkg.com/react-calendly/-/react-calendly-2.2.1.tgz#7c35f7747e01045dbd77e18ea1eb18adddf373cf"
  integrity sha512-r9WJ2WNr3hjBFnE8UyFCtJiTy7InME0lghw3gA5BqAMOFe70OtLDINDRAKDSS8O1tTSxJJrFdmZ1PpFSL0NAJA==
